{
  "name": "LineCMS_Project",
  "lockfileVersion": 2,
  "requires": true,
  "packages": {
    "": {
      "dependencies": {
        "@syncfusion/ej2-vue-buttons": "^24.2.5"
      }
    },
    "node_modules/@syncfusion/ej2-base": {
      "version": "24.2.6",
      "resolved": "https://registry.npmjs.org/@syncfusion/ej2-base/-/ej2-base-24.2.6.tgz",
      "integrity": "sha512-fcqcnLjfmEazXSp2Sqx9WzwnOlsZ2UTkGwYonngRXr0pzeNDfk6mBPHs7Dw3GxItOPe4TJZbguS3/5AsCqDOCQ==",
      "dependencies": {
        "@syncfusion/ej2-icons": "~24.2.3"
      },
      "bin": {
        "syncfusion-license": "bin/syncfusion-license.js"
      }
    },
    "node_modules/@syncfusion/ej2-buttons": {
      "version": "24.2.5",
      "resolved": "https://registry.npmjs.org/@syncfusion/ej2-buttons/-/ej2-buttons-24.2.5.tgz",
      "integrity": "sha512-sLkljcComzbB3LmQhUhFTjgbnL2K8G+xqiQxHRaXwASyNppg+IsJZpozWbdGacZYrBTiUizVHKJTYeySDFgwWA==",
      "dependencies": {
        "@syncfusion/ej2-base": "~24.2.5"
      }
    },
    "node_modules/@syncfusion/ej2-icons": {
      "version": "24.2.3",
      "resolved": "https://registry.npmjs.org/@syncfusion/ej2-icons/-/ej2-icons-24.2.3.tgz",
      "integrity": "sha512-JdQ7w2SiiUUXZFrmX0j3+0iQZdT+Z5NP7jb1zTKDAiTGB3IjcSTQc8MtPmORTG4vvG6lOSLYHrn2HtP7mqvlEQ=="
    },
    "node_modules/@syncfusion/ej2-vue-base": {
      "version": "24.2.3",
      "resolved": "https://registry.npmjs.org/@syncfusion/ej2-vue-base/-/ej2-vue-base-24.2.3.tgz",
      "integrity": "sha512-58uX2UfzuJ3jcuhL1KqYcR/O9zAFuCcW9W+KqOZD9QcO6uRRjvmeUjIE4BG4Igat3iorf+xKBvwLXySOsmQSug==",
      "dependencies": {
        "@syncfusion/ej2-base": "~24.2.3"
      }
    },
    "node_modules/@syncfusion/ej2-vue-buttons": {
      "version": "24.2.5",
      "resolved": "https://registry.npmjs.org/@syncfusion/ej2-vue-buttons/-/ej2-vue-buttons-24.2.5.tgz",
      "integrity": "sha512-Atw0TM9QM8+2bk6bMNS4PjhMDXFJiLMzJPnu4rVUpxJ4JbeS7EeSjhXmC75fRdfZ09tCGEWVhgFoaS8L8AgpEw==",
      "dependencies": {
        "@syncfusion/ej2-base": "~24.2.5",
        "@syncfusion/ej2-buttons": "24.2.5",
        "@syncfusion/ej2-vue-base": "~24.2.3"
      }
    }
  },
  "dependencies": {
    "@syncfusion/ej2-base": {
      "version": "24.2.6",
      "resolved": "https://registry.npmjs.org/@syncfusion/ej2-base/-/ej2-base-24.2.6.tgz",
      "integrity": "sha512-fcqcnLjfmEazXSp2Sqx9WzwnOlsZ2UTkGwYonngRXr0pzeNDfk6mBPHs7Dw3GxItOPe4TJZbguS3/5AsCqDOCQ==",
      "requires": {
        "@syncfusion/ej2-icons": "~24.2.3"
      }
    },
    "@syncfusion/ej2-buttons": {
      "version": "24.2.5",
      "resolved": "https://registry.npmjs.org/@syncfusion/ej2-buttons/-/ej2-buttons-24.2.5.tgz",
      "integrity": "sha512-sLkljcComzbB3LmQhUhFTjgbnL2K8G+xqiQxHRaXwASyNppg+IsJZpozWbdGacZYrBTiUizVHKJTYeySDFgwWA==",
      "requires": {
        "@syncfusion/ej2-base": "~24.2.5"
      }
    },
    "@syncfusion/ej2-icons": {
      "version": "24.2.3",
      "resolved": "https://registry.npmjs.org/@syncfusion/ej2-icons/-/ej2-icons-24.2.3.tgz",
      "integrity": "sha512-JdQ7w2SiiUUXZFrmX0j3+0iQZdT+Z5NP7jb1zTKDAiTGB3IjcSTQc8MtPmORTG4vvG6lOSLYHrn2HtP7mqvlEQ=="
    },
    "@syncfusion/ej2-vue-base": {
      "version": "24.2.3",
      "resolved": "https://registry.npmjs.org/@syncfusion/ej2-vue-base/-/ej2-vue-base-24.2.3.tgz",
      "integrity": "sha512-58uX2UfzuJ3jcuhL1KqYcR/O9zAFuCcW9W+KqOZD9QcO6uRRjvmeUjIE4BG4Igat3iorf+xKBvwLXySOsmQSug==",
      "requires": {
        "@syncfusion/ej2-base": "~24.2.3"
      }
    },
    "@syncfusion/ej2-vue-buttons": {
      "version": "24.2.5",
      "resolved": "https://registry.npmjs.org/@syncfusion/ej2-vue-buttons/-/ej2-vue-buttons-24.2.5.tgz",
      "integrity": "sha512-Atw0TM9QM8+2bk6bMNS4PjhMDXFJiLMzJPnu4rVUpxJ4JbeS7EeSjhXmC75fRdfZ09tCGEWVhgFoaS8L8AgpEw==",
      "requires": {
        "@syncfusion/ej2-base": "~24.2.5",
        "@syncfusion/ej2-buttons": "24.2.5",
        "@syncfusion/ej2-vue-base": "~24.2.3"
      }
    }
  }
}
